
Microsoft Visual Studio Solution File, Format Version 12.00
# Visual Studio Version 16
VisualStudioVersion = 16.0.32602.291
MinimumVisualStudioVersion = 10.0.40219.1
Project("{FAE04EC0-301F-11D3-BF4B-00C04F79EFBC}") = "Amazon", "Amazon\Amazon.csproj", "{48651E32-F08C-465F-916A-59B5F9C552D4}"
EndProject
Global
	GlobalSection(SolutionConfigurationPlatforms) = preSolution
		Debug|Any CPU = Debug|Any CPU
		Release|Any CPU = Release|Any CPU
	EndGlobalSection
	GlobalSection(ProjectConfigurationPlatforms) = postSolution
		{48651E32-F08C-465F-916A-59B5F9C552D4}.Debug|Any CPU.ActiveCfg = Debug|Any CPU
		{48651E32-F08C-465F-916A-59B5F9C552D4}.Debug|Any CPU.Build.0 = Debug|Any CPU
		{48651E32-F08C-465F-916A-59B5F9C552D4}.Release|Any CPU.ActiveCfg = Release|Any CPU
		{48651E32-F08C-465F-916A-59B5F9C552D4}.Release|Any CPU.Build.0 = Release|Any CPU
	EndGlobalSection
	GlobalSection(SolutionProperties) = preSolution
		HideSolutionNode = FALSE
	EndGlobalSection
	GlobalSection(ExtensibilityGlobals) = postSolution
		SolutionGuid = {8D8FE60A-5735-49F6-81DB-D9BDC0DC70BF}
	EndGlobalSection
EndGlobal
